<?xml version="1.0" encoding="utf-8"?>
<Project ToolsVersion="4.0" xmlns="http://schemas.microsoft.com/developer/msbuild/2003">
  <ItemGroup>
    <ClCompile Include="Collision.cpp" />
    <ClCompile Include="Ground.cpp" />
    <ClCompile Include="Integrateur.cpp" />
    <ClCompile Include="ParticleCable.cpp" />
    <ClCompile Include="ParticleContact.cpp" />
    <ClCompile Include="ParticleContactGenerator.cpp" />
    <ClCompile Include="ParticleContactResolver.cpp" />
    <ClCompile Include="ParticleForceGenerator.cpp" />
    <ClCompile Include="ParticleForceRegistry.cpp" />
    <ClCompile Include="ParticleGravity.cpp" />
    <ClCompile Include="ParticleLink.cpp" />
    <ClCompile Include="ParticleRod.cpp" />
    <ClCompile Include="ParticleSpring.cpp" />
    <ClCompile Include="Particule.cpp" />
    <ClCompile Include="src\main.cpp" />
    <ClCompile Include="src\ofApp.cpp" />
    <ClCompile Include="Vecteur3D.cpp" />
    <ClCompile Include="..\..\..\addons\ofxGui\src\ofxInputField.cpp" />
    <ClCompile Include="..\..\..\addons\ofxGui\src\ofxSliderGroup.cpp" />
    <ClCompile Include="..\..\..\addons\ofxGui\src\ofxPanel.cpp" />
    <ClCompile Include="..\..\..\addons\ofxGui\src\ofxToggle.cpp" />
    <ClCompile Include="..\..\..\addons\ofxGui\src\ofxButton.cpp" />
    <ClCompile Include="..\..\..\addons\ofxGui\src\ofxGuiGroup.cpp" />
    <ClCompile Include="..\..\..\addons\ofxGui\src\ofxColorPicker.cpp" />
    <ClCompile Include="..\..\..\addons\ofxGui\src\ofxLabel.cpp" />
    <ClCompile Include="..\..\..\addons\ofxGui\src\ofxBaseGui.cpp" />
    <ClCompile Include="..\..\..\addons\ofxGui\src\ofxSlider.cpp" />
    <ClCompile Include="ParticleDrag.cpp" />
  </ItemGroup>
  <ItemGroup>
    <ClInclude Include="Collision.h" />
    <ClInclude Include="Ground.h" />
    <ClInclude Include="Integrateur.h" />
    <ClInclude Include="ParticleCable.h" />
    <ClInclude Include="ParticleContact.h" />
    <ClInclude Include="ParticleContactGenerator.h" />
    <ClInclude Include="ParticleContactResolver.h" />
    <ClInclude Include="ParticleForceGenerator.h" />
    <ClInclude Include="ParticleForceRegistry.h" />
    <ClInclude Include="ParticleGravity.h" />
    <ClInclude Include="ParticleLink.h" />
    <ClInclude Include="ParticleRod.h" />
    <ClInclude Include="ParticleSpring.h" />
    <ClInclude Include="Particule.h" />
    <ClInclude Include="src\ofApp.h" />
    <ClInclude Include="Vecteur3D.h" />
    <ClInclude Include="..\..\..\addons\ofxGui\src\ofxGui.h" />
    <ClInclude Include="..\..\..\addons\ofxGui\src\ofxGuiGroup.h" />
    <ClInclude Include="..\..\..\addons\ofxGui\src\ofxSliderGroup.h" />
    <ClInclude Include="..\..\..\addons\ofxGui\src\ofxSlider.h" />
    <ClInclude Include="..\..\..\addons\ofxGui\src\ofxGuiUtils.h" />
    <ClInclude Include="..\..\..\addons\ofxGui\src\ofxInputField.h" />
    <ClInclude Include="..\..\..\addons\ofxGui\src\ofxLabel.h" />
    <ClInclude Include="..\..\..\addons\ofxGui\src\ofxPanel.h" />
    <ClInclude Include="..\..\..\addons\ofxGui\src\ofxToggle.h" />
    <ClInclude Include="..\..\..\addons\ofxGui\src\ofxBaseGui.h" />
    <ClInclude Include="..\..\..\addons\ofxGui\src\ofxColorPicker.h" />
    <ClInclude Include="..\..\..\addons\ofxGui\src\ofxButton.h" />
    <ClInclude Include="ParticleDrag.h" />
  </ItemGroup>
  <ItemGroup>
    <ResourceCompile Include="icon.rc" />
  </ItemGroup>
</Project>